{
  "name": "nuxt-content-algolia",
  "version": "0.1.0",
  "lockfileVersion": 1,
  "requires": true,
  "dependencies": {
    "@algolia/cache-browser-local-storage": {
      "version": "4.8.3",
      "resolved": "https://registry.npmjs.org/@algolia/cache-browser-local-storage/-/cache-browser-local-storage-4.8.3.tgz",
      "integrity": "sha512-Cwc03hikHSUI+xvgUdN+H+f6jFyoDsC9fegzXzJ2nPn1YSN9EXzDMBnbrgl0sbl9iLGXe0EIGMYqR2giCv1wMQ==",
      "requires": {
        "@algolia/cache-common": "4.8.3"
      }
    },
    "@algolia/cache-common": {
      "version": "4.8.3",
      "resolved": "https://registry.npmjs.org/@algolia/cache-common/-/cache-common-4.8.3.tgz",
      "integrity": "sha512-Cf7zZ2i6H+tLSBTkFePHhYvlgc9fnMPKsF9qTmiU38kFIGORy/TN2Fx5n1GBuRLIzaSXvcf+oHv1HvU0u1gE1g=="
    },
    "@algolia/cache-in-memory": {
      "version": "4.8.3",
      "resolved": "https://registry.npmjs.org/@algolia/cache-in-memory/-/cache-in-memory-4.8.3.tgz",
      "integrity": "sha512-+N7tkvmijXiDy2E7u1mM73AGEgGPWFmEmPeJS96oT46I98KXAwVPNYbcAqBE79YlixdXpkYJk41cFcORzNh+Iw==",
      "requires": {
        "@algolia/cache-common": "4.8.3"
      }
    },
    "@algolia/client-account": {
      "version": "4.8.3",
      "resolved": "https://registry.npmjs.org/@algolia/client-account/-/client-account-4.8.3.tgz",
      "integrity": "sha512-Uku8LqnXBwfDCtsTCDYTUOz2/2oqcAQCKgaO0uGdIR8DTQENBXFQvzziambHdn9KuFuY+6Et9k1+cjpTPBDTBg==",
      "requires": {
        "@algolia/client-common": "4.8.3",
        "@algolia/client-search": "4.8.3",
        "@algolia/transporter": "4.8.3"
      }
    },
    "@algolia/client-analytics": {
      "version": "4.8.3",
      "resolved": "https://registry.npmjs.org/@algolia/client-analytics/-/client-analytics-4.8.3.tgz",
      "integrity": "sha512-9ensIWmjYJprZ+YjAVSZdWUG05xEnbytENXp508X59tf34IMIX8BR2xl0RjAQODtxBdAteGxuKt5THX6U9tQLA==",
      "requires": {
        "@algolia/client-common": "4.8.3",
        "@algolia/client-search": "4.8.3",
        "@algolia/requester-common": "4.8.3",
        "@algolia/transporter": "4.8.3"
      }
    },
    "@algolia/client-common": {
      "version": "4.8.3",
      "resolved": "https://registry.npmjs.org/@algolia/client-common/-/client-common-4.8.3.tgz",
      "integrity": "sha512-TU3623AEFAWUQlDTznkgAMSYo8lfS9pNs5QYDQzkvzWdqK0GBDWthwdRfo9iIsfxiR9qdCMHqwEu+AlZMVhNSA==",
      "requires": {
        "@algolia/requester-common": "4.8.3",
        "@algolia/transporter": "4.8.3"
      }
    },
    "@algolia/client-recommendation": {
      "version": "4.8.3",
      "resolved": "https://registry.npmjs.org/@algolia/client-recommendation/-/client-recommendation-4.8.3.tgz",
      "integrity": "sha512-qysGbmkcc6Agt29E38KWJq9JuxjGsyEYoKuX9K+P5HyQh08yR/BlRYrA8mB7vT/OIUHRGFToGO6Vq/rcg0NIOQ==",
      "requires": {
        "@algolia/client-common": "4.8.3",
        "@algolia/requester-common": "4.8.3",
        "@algolia/transporter": "4.8.3"
      }
    },
    "@algolia/client-search": {
      "version": "4.8.3",
      "resolved": "https://registry.npmjs.org/@algolia/client-search/-/client-search-4.8.3.tgz",
      "integrity": "sha512-rAnvoy3GAhbzOQVniFcKVn1eM2NX77LearzYNCbtFrFYavG+hJI187bNVmajToiuGZ10FfJvK99X2OB1AzzezQ==",
      "requires": {
        "@algolia/client-common": "4.8.3",
        "@algolia/requester-common": "4.8.3",
        "@algolia/transporter": "4.8.3"
      }
    },
    "@algolia/logger-common": {
      "version": "4.8.3",
      "resolved": "https://registry.npmjs.org/@algolia/logger-common/-/logger-common-4.8.3.tgz",
      "integrity": "sha512-03wksHRbhl2DouEKnqWuUb64s1lV6kDAAabMCQ2Du1fb8X/WhDmxHC4UXMzypeOGlH5BZBsgVwSB7vsZLP3MZg=="
    },
    "@algolia/logger-console": {
      "version": "4.8.3",
      "resolved": "https://registry.npmjs.org/@algolia/logger-console/-/logger-console-4.8.3.tgz",
      "integrity": "sha512-Npt+hI4UF8t3TLMluL5utr9Gc11BjL5kDnGZOhDOAz5jYiSO2nrHMFmnpLT4Cy/u7a5t7EB5dlypuC4/AGStkA==",
      "requires": {
        "@algolia/logger-common": "4.8.3"
      }
    },
    "@algolia/requester-browser-xhr": {
      "version": "4.8.3",
      "resolved": "https://registry.npmjs.org/@algolia/requester-browser-xhr/-/requester-browser-xhr-4.8.3.tgz",
      "integrity": "sha512-/LTTIpgEmEwkyhn8yXxDdBWqXqzlgw5w2PtTpIwkSlP2/jDwdR/9w1TkFzhNbJ81ki6LAEQM5mSwoTTnbIIecg==",
      "requires": {
        "@algolia/requester-common": "4.8.3"
      }
    },
    "@algolia/requester-common": {
      "version": "4.8.3",
      "resolved": "https://registry.npmjs.org/@algolia/requester-common/-/requester-common-4.8.3.tgz",
      "integrity": "sha512-+Yo9vBkofoKR1SCqqtMnmnfq9yt/BiaDewY/6bYSMNxSYCnu2Fw1JKSIaf/4zos09PMSsxGpLohZwGas3+0GDQ=="
    },
    "@algolia/requester-node-http": {
      "version": "4.8.3",
      "resolved": "https://registry.npmjs.org/@algolia/requester-node-http/-/requester-node-http-4.8.3.tgz",
      "integrity": "sha512-k2fiKIeMIFqgC01FnzII6kqC2GQBAfbNaUX4k7QCPa6P8t4sp2xE6fImOUiztLnnL3C9X9ZX6Fw3L+cudi7jvQ==",
      "requires": {
        "@algolia/requester-common": "4.8.3"
      }
    },
    "@algolia/transporter": {
      "version": "4.8.3",
      "resolved": "https://registry.npmjs.org/@algolia/transporter/-/transporter-4.8.3.tgz",
      "integrity": "sha512-nU7fy2iU8snxATlsks0MjMyv97QJWQmOVwTjDc+KZ4+nue8CLcgm4LA4dsTBqvxeCQIoEtt3n72GwXcaqiJSjQ==",
      "requires": {
        "@algolia/cache-common": "4.8.3",
        "@algolia/logger-common": "4.8.3",
        "@algolia/requester-common": "4.8.3"
      }
    },
    "algoliasearch": {
      "version": "4.8.3",
      "resolved": "https://registry.npmjs.org/algoliasearch/-/algoliasearch-4.8.3.tgz",
      "integrity": "sha512-pljX9jEE2TQ3i1JayhG8afNdE8UuJg3O9c7unW6QO67yRWCKr6b0t5aKC3hSVtjt7pA2TQXLKoAISb4SHx9ozQ==",
      "requires": {
        "@algolia/cache-browser-local-storage": "4.8.3",
        "@algolia/cache-common": "4.8.3",
        "@algolia/cache-in-memory": "4.8.3",
        "@algolia/client-account": "4.8.3",
        "@algolia/client-analytics": "4.8.3",
        "@algolia/client-common": "4.8.3",
        "@algolia/client-recommendation": "4.8.3",
        "@algolia/client-search": "4.8.3",
        "@algolia/logger-common": "4.8.3",
        "@algolia/logger-console": "4.8.3",
        "@algolia/requester-browser-xhr": "4.8.3",
        "@algolia/requester-common": "4.8.3",
        "@algolia/requester-node-http": "4.8.3",
        "@algolia/transporter": "4.8.3"
      }
    },
    "consola": {
      "version": "2.15.0",
      "resolved": "https://registry.npmjs.org/consola/-/consola-2.15.0.tgz",
      "integrity": "sha512-vlcSGgdYS26mPf7qNi+dCisbhiyDnrN1zaRbw3CSuc2wGOMEGGPsp46PdRG5gqXwgtJfjxDkxRNAgRPr1B77vQ=="
    }
  }
}
